
Microsoft Visual Studio Solution File, Format Version 12.00
# Visual Studio Version 17
VisualStudioVersion = 17.7.34024.191
MinimumVisualStudioVersion = 10.0.40219.1
Project("{FAE04EC0-301F-11D3-BF4B-00C04F79EFBC}") = "UTLab7", "UTLab7\UTLab7.csproj", "{F857CAB0-57C2-4A02-87AC-3536DCDCA1F9}"
EndProject
Global
	GlobalSection(SolutionConfigurationPlatforms) = preSolution
		Debug|Any CPU = Debug|Any CPU
		Release|Any CPU = Release|Any CPU
	EndGlobalSection
	GlobalSection(ProjectConfigurationPlatforms) = postSolution
		{F857CAB0-57C2-4A02-87AC-3536DCDCA1F9}.Debug|Any CPU.ActiveCfg = Debug|Any CPU
		{F857CAB0-57C2-4A02-87AC-3536DCDCA1F9}.Debug|Any CPU.Build.0 = Debug|Any CPU
		{F857CAB0-57C2-4A02-87AC-3536DCDCA1F9}.Release|Any CPU.ActiveCfg = Release|Any CPU
		{F857CAB0-57C2-4A02-87AC-3536DCDCA1F9}.Release|Any CPU.Build.0 = Release|Any CPU
	EndGlobalSection
	GlobalSection(SolutionProperties) = preSolution
		HideSolutionNode = FALSE
	EndGlobalSection
	GlobalSection(ExtensibilityGlobals) = postSolution
		SolutionGuid = {7EC47D11-C91B-41DD-8DCB-8655B75F4FFB}
	EndGlobalSection
EndGlobal
